// !$*UTF8*$!
{
	archiveVersion = 1;
	classes = {
	};
	objectVersion = 55;
	objects = {

/* Begin PBXBuildFile section */
		F827F34E28219D3C00D0F0BF /* Movie.swift in Sources */ = {isa = PBXBuildFile; fileRef = F827F34D28219D3C00D0F0BF /* Movie.swift */; };
		F827F34F28219D3C00D0F0BF /* Movie.swift in Sources */ = {isa = PBXBuildFile; fileRef = F827F34D28219D3C00D0F0BF /* Movie.swift */; };
		F827F35028219D3C00D0F0BF /* Movie.swift in Sources */ = {isa = PBXBuildFile; fileRef = F827F34D28219D3C00D0F0BF /* Movie.swift */; };
		F827F35428219E2700D0F0BF /* MovieService.swift in Sources */ = {isa = PBXBuildFile; fileRef = F827F35228219E2700D0F0BF /* MovieService.swift */; };
		F827F35528219E2700D0F0BF /* MovieService.swift in Sources */ = {isa = PBXBuildFile; fileRef = F827F35228219E2700D0F0BF /* MovieService.swift */; };
		F827F35628219E2700D0F0BF /* MovieService.swift in Sources */ = {isa = PBXBuildFile; fileRef = F827F35228219E2700D0F0BF /* MovieService.swift */; };
		F827F35728219E2700D0F0BF /* MovieStore.swift in Sources */ = {isa = PBXBuildFile; fileRef = F827F35328219E2700D0F0BF /* MovieStore.swift */; };
		F827F35828219E2700D0F0BF /* MovieStore.swift in Sources */ = {isa = PBXBuildFile; fileRef = F827F35328219E2700D0F0BF /* MovieStore.swift */; };
		F827F35928219E2700D0F0BF /* MovieStore.swift in Sources */ = {isa = PBXBuildFile; fileRef = F827F35328219E2700D0F0BF /* MovieStore.swift */; };
		F827F35B28219F1300D0F0BF /* Utils.swift in Sources */ = {isa = PBXBuildFile; fileRef = F827F35A28219F1300D0F0BF /* Utils.swift */; };
		F827F35C28219F1300D0F0BF /* Utils.swift in Sources */ = {isa = PBXBuildFile; fileRef = F827F35A28219F1300D0F0BF /* Utils.swift */; };
		F827F35D28219F1300D0F0BF /* Utils.swift in Sources */ = {isa = PBXBuildFile; fileRef = F827F35A28219F1300D0F0BF /* Utils.swift */; };
		F827F36C2821A00B00D0F0BF /* Movie+Stub.swift in Sources */ = {isa = PBXBuildFile; fileRef = F827F36B2821A00B00D0F0BF /* Movie+Stub.swift */; };
		F827F36D2821A00B00D0F0BF /* Movie+Stub.swift in Sources */ = {isa = PBXBuildFile; fileRef = F827F36B2821A00B00D0F0BF /* Movie+Stub.swift */; };
		F827F36E2821A00B00D0F0BF /* Movie+Stub.swift in Sources */ = {isa = PBXBuildFile; fileRef = F827F36B2821A00B00D0F0BF /* Movie+Stub.swift */; };
		F827F3722821A0E000D0F0BF /* ImageLoader.swift in Sources */ = {isa = PBXBuildFile; fileRef = F827F3712821A0E000D0F0BF /* ImageLoader.swift */; };
		F827F3732821A0E000D0F0BF /* ImageLoader.swift in Sources */ = {isa = PBXBuildFile; fileRef = F827F3712821A0E000D0F0BF /* ImageLoader.swift */; };
		F827F3742821A0E000D0F0BF /* ImageLoader.swift in Sources */ = {isa = PBXBuildFile; fileRef = F827F3712821A0E000D0F0BF /* ImageLoader.swift */; };
		F827F37F2821A25D00D0F0BF /* MovieThumbnailView.swift in Sources */ = {isa = PBXBuildFile; fileRef = F827F37D2821A25D00D0F0BF /* MovieThumbnailView.swift */; };
		F827F3802821A25D00D0F0BF /* MovieThumbnailView.swift in Sources */ = {isa = PBXBuildFile; fileRef = F827F37D2821A25D00D0F0BF /* MovieThumbnailView.swift */; };
		F827F3812821A25D00D0F0BF /* MovieThumbnailView.swift in Sources */ = {isa = PBXBuildFile; fileRef = F827F37D2821A25D00D0F0BF /* MovieThumbnailView.swift */; };
		F827F3822821A25D00D0F0BF /* MovieThumbnailCarouselView.swift in Sources */ = {isa = PBXBuildFile; fileRef = F827F37E2821A25D00D0F0BF /* MovieThumbnailCarouselView.swift */; };
		F827F3832821A25D00D0F0BF /* MovieThumbnailCarouselView.swift in Sources */ = {isa = PBXBuildFile; fileRef = F827F37E2821A25D00D0F0BF /* MovieThumbnailCarouselView.swift */; };
		F827F3842821A25D00D0F0BF /* MovieThumbnailCarouselView.swift in Sources */ = {isa = PBXBuildFile; fileRef = F827F37E2821A25D00D0F0BF /* MovieThumbnailCarouselView.swift */; };
		F827F3862821A2F900D0F0BF /* MovieListView.swift in Sources */ = {isa = PBXBuildFile; fileRef = F827F3852821A2F900D0F0BF /* MovieListView.swift */; };
		F827F3872821A2F900D0F0BF /* MovieListView.swift in Sources */ = {isa = PBXBuildFile; fileRef = F827F3852821A2F900D0F0BF /* MovieListView.swift */; };
		F827F3882821A2F900D0F0BF /* MovieListView.swift in Sources */ = {isa = PBXBuildFile; fileRef = F827F3852821A2F900D0F0BF /* MovieListView.swift */; };
		F827F38A2821A31400D0F0BF /* MovieListState.swift in Sources */ = {isa = PBXBuildFile; fileRef = F827F3892821A31400D0F0BF /* MovieListState.swift */; };
		F827F38B2821A31400D0F0BF /* MovieListState.swift in Sources */ = {isa = PBXBuildFile; fileRef = F827F3892821A31400D0F0BF /* MovieListState.swift */; };
		F827F38C2821A31400D0F0BF /* MovieListState.swift in Sources */ = {isa = PBXBuildFile; fileRef = F827F3892821A31400D0F0BF /* MovieListState.swift */; };
		F827F38E2821A38300D0F0BF /* LoadingView.swift in Sources */ = {isa = PBXBuildFile; fileRef = F827F38D2821A38300D0F0BF /* LoadingView.swift */; };
		F827F38F2821A38300D0F0BF /* LoadingView.swift in Sources */ = {isa = PBXBuildFile; fileRef = F827F38D2821A38300D0F0BF /* LoadingView.swift */; };
		F827F3902821A38300D0F0BF /* LoadingView.swift in Sources */ = {isa = PBXBuildFile; fileRef = F827F38D2821A38300D0F0BF /* LoadingView.swift */; };
		F827F3922821A5A000D0F0BF /* MovieDetailView.swift in Sources */ = {isa = PBXBuildFile; fileRef = F827F3912821A5A000D0F0BF /* MovieDetailView.swift */; };
		F827F3932821A5A000D0F0BF /* MovieDetailView.swift in Sources */ = {isa = PBXBuildFile; fileRef = F827F3912821A5A000D0F0BF /* MovieDetailView.swift */; };
		F827F3942821A5A000D0F0BF /* MovieDetailView.swift in Sources */ = {isa = PBXBuildFile; fileRef = F827F3912821A5A000D0F0BF /* MovieDetailView.swift */; };
		F827F3962821A5CF00D0F0BF /* MovieDetailState.swift in Sources */ = {isa = PBXBuildFile; fileRef = F827F3952821A5CF00D0F0BF /* MovieDetailState.swift */; };
		F827F3972821A5CF00D0F0BF /* MovieDetailState.swift in Sources */ = {isa = PBXBuildFile; fileRef = F827F3952821A5CF00D0F0BF /* MovieDetailState.swift */; };
		F827F3982821A5CF00D0F0BF /* MovieDetailState.swift in Sources */ = {isa = PBXBuildFile; fileRef = F827F3952821A5CF00D0F0BF /* MovieDetailState.swift */; };
		F827F39A2821ABD800D0F0BF /* SafariView.swift in Sources */ = {isa = PBXBuildFile; fileRef = F827F3992821ABD800D0F0BF /* SafariView.swift */; };
		F827F39B2821ABD800D0F0BF /* SafariView.swift in Sources */ = {isa = PBXBuildFile; fileRef = F827F3992821ABD800D0F0BF /* SafariView.swift */; };
		F827F39C2821ABD800D0F0BF /* SafariView.swift in Sources */ = {isa = PBXBuildFile; fileRef = F827F3992821ABD800D0F0BF /* SafariView.swift */; };
		F827F39E2821B0BE00D0F0BF /* MovieSearchState.swift in Sources */ = {isa = PBXBuildFile; fileRef = F827F39D2821B0BE00D0F0BF /* MovieSearchState.swift */; };
		F827F39F2821B0BE00D0F0BF /* MovieSearchState.swift in Sources */ = {isa = PBXBuildFile; fileRef = F827F39D2821B0BE00D0F0BF /* MovieSearchState.swift */; };
		F827F3A02821B0BE00D0F0BF /* MovieSearchState.swift in Sources */ = {isa = PBXBuildFile; fileRef = F827F39D2821B0BE00D0F0BF /* MovieSearchState.swift */; };
		F827F3A22821B0DE00D0F0BF /* MovieSearchView.swift in Sources */ = {isa = PBXBuildFile; fileRef = F827F3A12821B0DE00D0F0BF /* MovieSearchView.swift */; };
		F827F3A32821B0DE00D0F0BF /* MovieSearchView.swift in Sources */ = {isa = PBXBuildFile; fileRef = F827F3A12821B0DE00D0F0BF /* MovieSearchView.swift */; };
		F827F3A42821B0DE00D0F0BF /* MovieSearchView.swift in Sources */ = {isa = PBXBuildFile; fileRef = F827F3A12821B0DE00D0F0BF /* MovieSearchView.swift */; };
		F86F2812282297E700732E44 /* NetworkStatusView.swift in Sources */ = {isa = PBXBuildFile; fileRef = F86F2811282297E700732E44 /* NetworkStatusView.swift */; };
		F86F28152822AC0800732E44 /* upcoming.json in Resources */ = {isa = PBXBuildFile; fileRef = F86F28132822AC0800732E44 /* upcoming.json */; };
		F86F28162822AC0800732E44 /* topRated.json in Resources */ = {isa = PBXBuildFile; fileRef = F86F28142822AC0800732E44 /* topRated.json */; };
		F86F28182822AC5F00732E44 /* popular.json in Resources */ = {isa = PBXBuildFile; fileRef = F86F28172822AC5F00732E44 /* popular.json */; };
		F8CB8BC2281ABCB7009A0E48 /* rappiChallengeApp.swift in Sources */ = {isa = PBXBuildFile; fileRef = F8CB8BC1281ABCB7009A0E48 /* rappiChallengeApp.swift */; };
		F8CB8BC4281ABCB7009A0E48 /* ContentView.swift in Sources */ = {isa = PBXBuildFile; fileRef = F8CB8BC3281ABCB7009A0E48 /* ContentView.swift */; };
		F8CB8BC6281ABCB7009A0E48 /* Assets.xcassets in Resources */ = {isa = PBXBuildFile; fileRef = F8CB8BC5281ABCB7009A0E48 /* Assets.xcassets */; };
		F8CB8BC9281ABCB7009A0E48 /* Preview Assets.xcassets in Resources */ = {isa = PBXBuildFile; fileRef = F8CB8BC8281ABCB7009A0E48 /* Preview Assets.xcassets */; };
		F8CB8BD3281ABCB8009A0E48 /* rappiChallengeTests.swift in Sources */ = {isa = PBXBuildFile; fileRef = F8CB8BD2281ABCB8009A0E48 /* rappiChallengeTests.swift */; };
		F8CB8BDD281ABCB8009A0E48 /* rappiChallengeUITests.swift in Sources */ = {isa = PBXBuildFile; fileRef = F8CB8BDC281ABCB8009A0E48 /* rappiChallengeUITests.swift */; };
		F8CB8BDF281ABCB8009A0E48 /* rappiChallengeUITestsLaunchTests.swift in Sources */ = {isa = PBXBuildFile; fileRef = F8CB8BDE281ABCB8009A0E48 /* rappiChallengeUITestsLaunchTests.swift */; };
/* End PBXBuildFile section */

/* Begin PBXContainerItemProxy section */
		F8CB8BCF281ABCB8009A0E48 /* PBXContainerItemProxy */ = {
			isa = PBXContainerItemProxy;
			containerPortal = F8CB8BB6281ABCB7009A0E48 /* Project object */;
			proxyType = 1;
			remoteGlobalIDString = F8CB8BBD281ABCB7009A0E48;
			remoteInfo = rappiChallenge;
		};
		F8CB8BD9281ABCB8009A0E48 /* PBXContainerItemProxy */ = {
			isa = PBXContainerItemProxy;
			containerPortal = F8CB8BB6281ABCB7009A0E48 /* Project object */;
			proxyType = 1;
			remoteGlobalIDString = F8CB8BBD281ABCB7009A0E48;
			remoteInfo = rappiChallenge;
		};
/* End PBXContainerItemProxy section */

/* Begin PBXFileReference section */
		F827F34D28219D3C00D0F0BF /* Movie.swift */ = {isa = PBXFileReference; fileEncoding = 4; lastKnownFileType = sourcecode.swift; path = Movie.swift; sourceTree = "<group>"; };
		F827F35228219E2700D0F0BF /* MovieService.swift */ = {isa = PBXFileReference; fileEncoding = 4; lastKnownFileType = sourcecode.swift; path = MovieService.swift; sourceTree = "<group>"; };
		F827F35328219E2700D0F0BF /* MovieStore.swift */ = {isa = PBXFileReference; fileEncoding = 4; lastKnownFileType = sourcecode.swift; path = MovieStore.swift; sourceTree = "<group>"; };
		F827F35A28219F1300D0F0BF /* Utils.swift */ = {isa = PBXFileReference; fileEncoding = 4; lastKnownFileType = sourcecode.swift; path = Utils.swift; sourceTree = "<group>"; };
		F827F36B2821A00B00D0F0BF /* Movie+Stub.swift */ = {isa = PBXFileReference; fileEncoding = 4; lastKnownFileType = sourcecode.swift; path = "Movie+Stub.swift"; sourceTree = "<group>"; };
		F827F3712821A0E000D0F0BF /* ImageLoader.swift */ = {isa = PBXFileReference; fileEncoding = 4; lastKnownFileType = sourcecode.swift; path = ImageLoader.swift; sourceTree = "<group>"; };
		F827F37D2821A25D00D0F0BF /* MovieThumbnailView.swift */ = {isa = PBXFileReference; fileEncoding = 4; lastKnownFileType = sourcecode.swift; path = MovieThumbnailView.swift; sourceTree = "<group>"; };
		F827F37E2821A25D00D0F0BF /* MovieThumbnailCarouselView.swift */ = {isa = PBXFileReference; fileEncoding = 4; lastKnownFileType = sourcecode.swift; path = MovieThumbnailCarouselView.swift; sourceTree = "<group>"; };
		F827F3852821A2F900D0F0BF /* MovieListView.swift */ = {isa = PBXFileReference; fileEncoding = 4; lastKnownFileType = sourcecode.swift; path = MovieListView.swift; sourceTree = "<group>"; };
		F827F3892821A31400D0F0BF /* MovieListState.swift */ = {isa = PBXFileReference; fileEncoding = 4; lastKnownFileType = sourcecode.swift; path = MovieListState.swift; sourceTree = "<group>"; };
		F827F38D2821A38300D0F0BF /* LoadingView.swift */ = {isa = PBXFileReference; fileEncoding = 4; lastKnownFileType = sourcecode.swift; path = LoadingView.swift; sourceTree = "<group>"; };
		F827F3912821A5A000D0F0BF /* MovieDetailView.swift */ = {isa = PBXFileReference; fileEncoding = 4; lastKnownFileType = sourcecode.swift; path = MovieDetailView.swift; sourceTree = "<group>"; };
		F827F3952821A5CF00D0F0BF /* MovieDetailState.swift */ = {isa = PBXFileReference; fileEncoding = 4; lastKnownFileType = sourcecode.swift; path = MovieDetailState.swift; sourceTree = "<group>"; };
		F827F3992821ABD800D0F0BF /* SafariView.swift */ = {isa = PBXFileReference; fileEncoding = 4; lastKnownFileType = sourcecode.swift; path = SafariView.swift; sourceTree = "<group>"; };
		F827F39D2821B0BE00D0F0BF /* MovieSearchState.swift */ = {isa = PBXFileReference; fileEncoding = 4; lastKnownFileType = sourcecode.swift; path = MovieSearchState.swift; sourceTree = "<group>"; };
		F827F3A12821B0DE00D0F0BF /* MovieSearchView.swift */ = {isa = PBXFileReference; fileEncoding = 4; lastKnownFileType = sourcecode.swift; path = MovieSearchView.swift; sourceTree = "<group>"; };
		F827F3A92822284B00D0F0BF /* Info.plist */ = {isa = PBXFileReference; lastKnownFileType = text.plist; path = Info.plist; sourceTree = "<group>"; };
		F86F2811282297E700732E44 /* NetworkStatusView.swift */ = {isa = PBXFileReference; lastKnownFileType = sourcecode.swift; path = NetworkStatusView.swift; sourceTree = "<group>"; };
		F86F28132822AC0800732E44 /* upcoming.json */ = {isa = PBXFileReference; fileEncoding = 4; lastKnownFileType = text.json; path = upcoming.json; sourceTree = "<group>"; };
		F86F28142822AC0800732E44 /* topRated.json */ = {isa = PBXFileReference; fileEncoding = 4; lastKnownFileType = text.json; path = topRated.json; sourceTree = "<group>"; };
		F86F28172822AC5F00732E44 /* popular.json */ = {isa = PBXFileReference; fileEncoding = 4; lastKnownFileType = text.json; path = popular.json; sourceTree = "<group>"; };
		F8CB8BBE281ABCB7009A0E48 /* rappiChallenge.app */ = {isa = PBXFileReference; explicitFileType = wrapper.application; includeInIndex = 0; path = rappiChallenge.app; sourceTree = BUILT_PRODUCTS_DIR; };
		F8CB8BC1281ABCB7009A0E48 /* rappiChallengeApp.swift */ = {isa = PBXFileReference; lastKnownFileType = sourcecode.swift; path = rappiChallengeApp.swift; sourceTree = "<group>"; };
		F8CB8BC3281ABCB7009A0E48 /* ContentView.swift */ = {isa = PBXFileReference; lastKnownFileType = sourcecode.swift; path = ContentView.swift; sourceTree = "<group>"; };
		F8CB8BC5281ABCB7009A0E48 /* Assets.xcassets */ = {isa = PBXFileReference; lastKnownFileType = folder.assetcatalog; path = Assets.xcassets; sourceTree = "<group>"; };
		F8CB8BC8281ABCB7009A0E48 /* Preview Assets.xcassets */ = {isa = PBXFileReference; lastKnownFileType = folder.assetcatalog; path = "Preview Assets.xcassets"; sourceTree = "<group>"; };
		F8CB8BCE281ABCB8009A0E48 /* rappiChallengeTests.xctest */ = {isa = PBXFileReference; explicitFileType = wrapper.cfbundle; includeInIndex = 0; path = rappiChallengeTests.xctest; sourceTree = BUILT_PRODUCTS_DIR; };
		F8CB8BD2281ABCB8009A0E48 /* rappiChallengeTests.swift */ = {isa = PBXFileReference; lastKnownFileType = sourcecode.swift; path = rappiChallengeTests.swift; sourceTree = "<group>"; };
		F8CB8BD8281ABCB8009A0E48 /* rappiChallengeUITests.xctest */ = {isa = PBXFileReference; explicitFileType = wrapper.cfbundle; includeInIndex = 0; path = rappiChallengeUITests.xctest; sourceTree = BUILT_PRODUCTS_DIR; };
		F8CB8BDC281ABCB8009A0E48 /* rappiChallengeUITests.swift */ = {isa = PBXFileReference; lastKnownFileType = sourcecode.swift; path = rappiChallengeUITests.swift; sourceTree = "<group>"; };
		F8CB8BDE281ABCB8009A0E48 /* rappiChallengeUITestsLaunchTests.swift */ = {isa = PBXFileReference; lastKnownFileType = sourcecode.swift; path = rappiChallengeUITestsLaunchTests.swift; sourceTree = "<group>"; };
/* End PBXFileReference section */

/* Begin PBXFrameworksBuildPhase section */
		F8CB8BBB281ABCB7009A0E48 /* Frameworks */ = {
			isa = PBXFrameworksBuildPhase;
			buildActionMask = 2147483647;
			files = (
			);
			runOnlyForDeploymentPostprocessing = 0;
		};
		F8CB8BCB281ABCB8009A0E48 /* Frameworks */ = {
			isa = PBXFrameworksBuildPhase;
			buildActionMask = 2147483647;
			files = (
			);
			runOnlyForDeploymentPostprocessing = 0;
		};
		F8CB8BD5281ABCB8009A0E48 /* Frameworks */ = {
			isa = PBXFrameworksBuildPhase;
			buildActionMask = 2147483647;
			files = (
			);
			runOnlyForDeploymentPostprocessing = 0;
		};
/* End PBXFrameworksBuildPhase section */

/* Begin PBXGroup section */
		F827F34C28219CDA00D0F0BF /* Model */ = {
			isa = PBXGroup;
			children = (
				F827F36B2821A00B00D0F0BF /* Movie+Stub.swift */,
				F827F34D28219D3C00D0F0BF /* Movie.swift */,
			);
			path = Model;
			sourceTree = "<group>";
		};
		F827F35128219E2700D0F0BF /* Services */ = {
			isa = PBXGroup;
			children = (
				F827F35228219E2700D0F0BF /* MovieService.swift */,
				F827F35328219E2700D0F0BF /* MovieStore.swift */,
				F827F35A28219F1300D0F0BF /* Utils.swift */,
			);
			path = Services;
			sourceTree = "<group>";
		};
		F827F35E28219FDC00D0F0BF /* Offline */ = {
			isa = PBXGroup;
			children = (
				F86F28172822AC5F00732E44 /* popular.json */,
				F86F28142822AC0800732E44 /* topRated.json */,
				F86F28132822AC0800732E44 /* upcoming.json */,
			);
			path = Offline;
			sourceTree = "<group>";
		};
		F827F36F2821A09B00D0F0BF /* Views */ = {
			isa = PBXGroup;
			children = (
				F827F3992821ABD800D0F0BF /* SafariView.swift */,
				F827F37D2821A25D00D0F0BF /* MovieThumbnailView.swift */,
				F827F37E2821A25D00D0F0BF /* MovieThumbnailCarouselView.swift */,
				F827F3852821A2F900D0F0BF /* MovieListView.swift */,
				F827F3912821A5A000D0F0BF /* MovieDetailView.swift */,
				F827F38D2821A38300D0F0BF /* LoadingView.swift */,
				F827F3A12821B0DE00D0F0BF /* MovieSearchView.swift */,
				F86F2811282297E700732E44 /* NetworkStatusView.swift */,
			);
			path = Views;
			sourceTree = "<group>";
		};
		F827F3702821A0C200D0F0BF /* Bindings */ = {
			isa = PBXGroup;
			children = (
				F827F3952821A5CF00D0F0BF /* MovieDetailState.swift */,
				F827F3712821A0E000D0F0BF /* ImageLoader.swift */,
				F827F3892821A31400D0F0BF /* MovieListState.swift */,
				F827F39D2821B0BE00D0F0BF /* MovieSearchState.swift */,
			);
			path = Bindings;
			sourceTree = "<group>";
		};
		F8CB8BB5281ABCB7009A0E48 = {
			isa = PBXGroup;
			children = (
				F8CB8BC0281ABCB7009A0E48 /* rappiChallenge */,
				F8CB8BD1281ABCB8009A0E48 /* rappiChallengeTests */,
				F8CB8BDB281ABCB8009A0E48 /* rappiChallengeUITests */,
				F8CB8BBF281ABCB7009A0E48 /* Products */,
			);
			sourceTree = "<group>";
		};
		F8CB8BBF281ABCB7009A0E48 /* Products */ = {
			isa = PBXGroup;
			children = (
				F8CB8BBE281ABCB7009A0E48 /* rappiChallenge.app */,
				F8CB8BCE281ABCB8009A0E48 /* rappiChallengeTests.xctest */,
				F8CB8BD8281ABCB8009A0E48 /* rappiChallengeUITests.xctest */,
			);
			name = Products;
			sourceTree = "<group>";
		};
		F8CB8BC0281ABCB7009A0E48 /* rappiChallenge */ = {
			isa = PBXGroup;
			children = (
				F827F3A92822284B00D0F0BF /* Info.plist */,
				F827F3702821A0C200D0F0BF /* Bindings */,
				F827F36F2821A09B00D0F0BF /* Views */,
				F827F35E28219FDC00D0F0BF /* Offline */,
				F827F35128219E2700D0F0BF /* Services */,
				F827F34C28219CDA00D0F0BF /* Model */,
				F8CB8BC1281ABCB7009A0E48 /* rappiChallengeApp.swift */,
				F8CB8BC3281ABCB7009A0E48 /* ContentView.swift */,
				F8CB8BC5281ABCB7009A0E48 /* Assets.xcassets */,
				F8CB8BC7281ABCB7009A0E48 /* Preview Content */,
			);
			path = rappiChallenge;
			sourceTree = "<group>";
		};
		F8CB8BC7281ABCB7009A0E48 /* Preview Content */ = {
			isa = PBXGroup;
			children = (
				F8CB8BC8281ABCB7009A0E48 /* Preview Assets.xcassets */,
			);
			path = "Preview Content";
			sourceTree = "<group>";
		};
		F8CB8BD1281ABCB8009A0E48 /* rappiChallengeTests */ = {
			isa = PBXGroup;
			children = (
				F8CB8BD2281ABCB8009A0E48 /* rappiChallengeTests.swift */,
			);
			path = rappiChallengeTests;
			sourceTree = "<group>";
		};
		F8CB8BDB281ABCB8009A0E48 /* rappiChallengeUITests */ = {
			isa = PBXGroup;
			children = (
				F8CB8BDC281ABCB8009A0E48 /* rappiChallengeUITests.swift */,
				F8CB8BDE281ABCB8009A0E48 /* rappiChallengeUITestsLaunchTests.swift */,
			);
			path = rappiChallengeUITests;
			sourceTree = "<group>";
		};
/* End PBXGroup section */

/* Begin PBXNativeTarget section */
		F8CB8BBD281ABCB7009A0E48 /* rappiChallenge */ = {
			isa = PBXNativeTarget;
			buildConfigurationList = F8CB8BE2281ABCB8009A0E48 /* Build configuration list for PBXNativeTarget "rappiChallenge" */;
			buildPhases = (
				F8CB8BBA281ABCB7009A0E48 /* Sources */,
				F8CB8BBB281ABCB7009A0E48 /* Frameworks */,
				F8CB8BBC281ABCB7009A0E48 /* Resources */,
			);
			buildRules = (
			);
			dependencies = (
			);
			name = rappiChallenge;
			productName = rappiChallenge;
			productReference = F8CB8BBE281ABCB7009A0E48 /* rappiChallenge.app */;
			productType = "com.apple.product-type.application";
		};
		F8CB8BCD281ABCB8009A0E48 /* rappiChallengeTests */ = {
			isa = PBXNativeTarget;
			buildConfigurationList = F8CB8BE5281ABCB8009A0E48 /* Build configuration list for PBXNativeTarget "rappiChallengeTests" */;
			buildPhases = (
				F8CB8BCA281ABCB8009A0E48 /* Sources */,
				F8CB8BCB281ABCB8009A0E48 /* Frameworks */,
				F8CB8BCC281ABCB8009A0E48 /* Resources */,
			);
			buildRules = (
			);
			dependencies = (
				F8CB8BD0281ABCB8009A0E48 /* PBXTargetDependency */,
			);
			name = rappiChallengeTests;
			productName = rappiChallengeTests;
			productReference = F8CB8BCE281ABCB8009A0E48 /* rappiChallengeTests.xctest */;
			productType = "com.apple.product-type.bundle.unit-test";
		};
		F8CB8BD7281ABCB8009A0E48 /* rappiChallengeUITests */ = {
			isa = PBXNativeTarget;
			buildConfigurationList = F8CB8BE8281ABCB8009A0E48 /* Build configuration list for PBXNativeTarget "rappiChallengeUITests" */;
			buildPhases = (
				F8CB8BD4281ABCB8009A0E48 /* Sources */,
				F8CB8BD5281ABCB8009A0E48 /* Frameworks */,
				F8CB8BD6281ABCB8009A0E48 /* Resources */,
			);
			buildRules = (
			);
			dependencies = (
				F8CB8BDA281ABCB8009A0E48 /* PBXTargetDependency */,
			);
			name = rappiChallengeUITests;
			productName = rappiChallengeUITests;
			productReference = F8CB8BD8281ABCB8009A0E48 /* rappiChallengeUITests.xctest */;
			productType = "com.apple.product-type.bundle.ui-testing";
		};
/* End PBXNativeTarget section */

/* Begin PBXProject section */
		F8CB8BB6281ABCB7009A0E48 /* Project object */ = {
			isa = PBXProject;
			attributes = {
				BuildIndependentTargetsInParallel = 1;
				LastSwiftUpdateCheck = 1330;
				LastUpgradeCheck = 1330;
				TargetAttributes = {
					F8CB8BBD281ABCB7009A0E48 = {
						CreatedOnToolsVersion = 13.3.1;
					};
					F8CB8BCD281ABCB8009A0E48 = {
						CreatedOnToolsVersion = 13.3.1;
						TestTargetID = F8CB8BBD281ABCB7009A0E48;
					};
					F8CB8BD7281ABCB8009A0E48 = {
						CreatedOnToolsVersion = 13.3.1;
						TestTargetID = F8CB8BBD281ABCB7009A0E48;
					};
				};
			};
			buildConfigurationList = F8CB8BB9281ABCB7009A0E48 /* Build configuration list for PBXProject "rappiChallenge" */;
			compatibilityVersion = "Xcode 13.0";
			developmentRegion = en;
			hasScannedForEncodings = 0;
			knownRegions = (
				en,
				Base,
			);
			mainGroup = F8CB8BB5281ABCB7009A0E48;
			productRefGroup = F8CB8BBF281ABCB7009A0E48 /* Products */;
			projectDirPath = "";
			projectRoot = "";
			targets = (
				F8CB8BBD281ABCB7009A0E48 /* rappiChallenge */,
				F8CB8BCD281ABCB8009A0E48 /* rappiChallengeTests */,
				F8CB8BD7281ABCB8009A0E48 /* rappiChallengeUITests */,
			);
		};
/* End PBXProject section */

/* Begin PBXResourcesBuildPhase section */
		F8CB8BBC281ABCB7009A0E48 /* Resources */ = {
			isa = PBXResourcesBuildPhase;
			buildActionMask = 2147483647;
			files = (
				F8CB8BC9281ABCB7009A0E48 /* Preview Assets.xcassets in Resources */,
				F86F28152822AC0800732E44 /* upcoming.json in Resources */,
				F8CB8BC6281ABCB7009A0E48 /* Assets.xcassets in Resources */,
				F86F28162822AC0800732E44 /* topRated.json in Resources */,
				F86F28182822AC5F00732E44 /* popular.json in Resources */,
			);
			runOnlyForDeploymentPostprocessing = 0;
		};
		F8CB8BCC281ABCB8009A0E48 /* Resources */ = {
			isa = PBXResourcesBuildPhase;
			buildActionMask = 2147483647;
			files = (
			);
			runOnlyForDeploymentPostprocessing = 0;
		};
		F8CB8BD6281ABCB8009A0E48 /* Resources */ = {
			isa = PBXResourcesBuildPhase;
			buildActionMask = 2147483647;
			files = (
			);
			runOnlyForDeploymentPostprocessing = 0;
		};
/* End PBXResourcesBuildPhase section */

/* Begin PBXSourcesBuildPhase section */
		F8CB8BBA281ABCB7009A0E48 /* Sources */ = {
			isa = PBXSourcesBuildPhase;
			buildActionMask = 2147483647;
			files = (
				F827F3962821A5CF00D0F0BF /* MovieDetailState.swift in Sources */,
				F8CB8BC4281ABCB7009A0E48 /* ContentView.swift in Sources */,
				F8CB8BC2281ABCB7009A0E48 /* rappiChallengeApp.swift in Sources */,
				F827F35428219E2700D0F0BF /* MovieService.swift in Sources */,
				F86F2812282297E700732E44 /* NetworkStatusView.swift in Sources */,
				F827F36C2821A00B00D0F0BF /* Movie+Stub.swift in Sources */,
				F827F3A22821B0DE00D0F0BF /* MovieSearchView.swift in Sources */,
				F827F37F2821A25D00D0F0BF /* MovieThumbnailView.swift in Sources */,
				F827F38A2821A31400D0F0BF /* MovieListState.swift in Sources */,
				F827F3822821A25D00D0F0BF /* MovieThumbnailCarouselView.swift in Sources */,
				F827F38E2821A38300D0F0BF /* LoadingView.swift in Sources */,
				F827F39A2821ABD800D0F0BF /* SafariView.swift in Sources */,
				F827F39E2821B0BE00D0F0BF /* MovieSearchState.swift in Sources */,
				F827F34E28219D3C00D0F0BF /* Movie.swift in Sources */,
				F827F35728219E2700D0F0BF /* MovieStore.swift in Sources */,
				F827F3862821A2F900D0F0BF /* MovieListView.swift in Sources */,
				F827F3722821A0E000D0F0BF /* ImageLoader.swift in Sources */,
				F827F3922821A5A000D0F0BF /* MovieDetailView.swift in Sources */,
				F827F35B28219F1300D0F0BF /* Utils.swift in Sources */,
			);
			runOnlyForDeploymentPostprocessing = 0;
		};
		F8CB8BCA281ABCB8009A0E48 /* Sources */ = {
			isa = PBXSourcesBuildPhase;
			buildActionMask = 2147483647;
			files = (
				F827F3932821A5A000D0F0BF /* MovieDetailView.swift in Sources */,
				F827F3732821A0E000D0F0BF /* ImageLoader.swift in Sources */,
				F827F3802821A25D00D0F0BF /* MovieThumbnailView.swift in Sources */,
				F827F36D2821A00B00D0F0BF /* Movie+Stub.swift in Sources */,
				F827F3972821A5CF00D0F0BF /* MovieDetailState.swift in Sources */,
				F827F35C28219F1300D0F0BF /* Utils.swift in Sources */,
				F827F38F2821A38300D0F0BF /* LoadingView.swift in Sources */,
				F827F3872821A2F900D0F0BF /* MovieListView.swift in Sources */,
				F827F38B2821A31400D0F0BF /* MovieListState.swift in Sources */,
				F827F35828219E2700D0F0BF /* MovieStore.swift in Sources */,
				F827F39F2821B0BE00D0F0BF /* MovieSearchState.swift in Sources */,
				F827F39B2821ABD800D0F0BF /* SafariView.swift in Sources */,
				F827F35528219E2700D0F0BF /* MovieService.swift in Sources */,
				F827F3832821A25D00D0F0BF /* MovieThumbnailCarouselView.swift in Sources */,
				F827F34F28219D3C00D0F0BF /* Movie.swift in Sources */,
				F8CB8BD3281ABCB8009A0E48 /* rappiChallengeTests.swift in Sources */,
				F827F3A32821B0DE00D0F0BF /* MovieSearchView.swift in Sources */,
			);
			runOnlyForDeploymentPostprocessing = 0;
		};
		F8CB8BD4281ABCB8009A0E48 /* Sources */ = {
			isa = PBXSourcesBuildPhase;
			buildActionMask = 2147483647;
			files = (
				F827F3982821A5CF00D0F0BF /* MovieDetailState.swift in Sources */,
				F8CB8BDD281ABCB8009A0E48 /* rappiChallengeUITests.swift in Sources */,
				F8CB8BDF281ABCB8009A0E48 /* rappiChallengeUITestsLaunchTests.swift in Sources */,
				F827F35628219E2700D0F0BF /* MovieService.swift in Sources */,
				F827F36E2821A00B00D0F0BF /* Movie+Stub.swift in Sources */,
				F827F3A42821B0DE00D0F0BF /* MovieSearchView.swift in Sources */,
				F827F3812821A25D00D0F0BF /* MovieThumbnailView.swift in Sources */,
				F827F38C2821A31400D0F0BF /* MovieListState.swift in Sources */,
				F827F3842821A25D00D0F0BF /* MovieThumbnailCarouselView.swift in Sources */,
				F827F3902821A38300D0F0BF /* LoadingView.swift in Sources */,
				F827F39C2821ABD800D0F0BF /* SafariView.swift in Sources */,
				F827F3A02821B0BE00D0F0BF /* MovieSearchState.swift in Sources */,
				F827F35028219D3C00D0F0BF /* Movie.swift in Sources */,
				F827F35928219E2700D0F0BF /* MovieStore.swift in Sources */,
				F827F3882821A2F900D0F0BF /* MovieListView.swift in Sources */,
				F827F3742821A0E000D0F0BF /* ImageLoader.swift in Sources */,
				F827F3942821A5A000D0F0BF /* MovieDetailView.swift in Sources */,
				F827F35D28219F1300D0F0BF /* Utils.swift in Sources */,
			);
			runOnlyForDeploymentPostprocessing = 0;
		};
/* End PBXSourcesBuildPhase section */

/* Begin PBXTargetDependency section */
		F8CB8BD0281ABCB8009A0E48 /* PBXTargetDependency */ = {
			isa = PBXTargetDependency;
			target = F8CB8BBD281ABCB7009A0E48 /* rappiChallenge */;
			targetProxy = F8CB8BCF281ABCB8009A0E48 /* PBXContainerItemProxy */;
		};
		F8CB8BDA281ABCB8009A0E48 /* PBXTargetDependency */ = {
			isa = PBXTargetDependency;
			target = F8CB8BBD281ABCB7009A0E48 /* rappiChallenge */;
			targetProxy = F8CB8BD9281ABCB8009A0E48 /* PBXContainerItemProxy */;
		};
/* End PBXTargetDependency section */

/* Begin XCBuildConfiguration section */
		F8CB8BE0281ABCB8009A0E48 /* Debug */ = {
			isa = XCBuildConfiguration;
			buildSettings = {
				ALWAYS_SEARCH_USER_PATHS = NO;
				CLANG_ANALYZER_NONNULL = YES;
				CLANG_ANALYZER_NUMBER_OBJECT_CONVERSION = YES_AGGRESSIVE;
				CLANG_CXX_LANGUAGE_STANDARD = "gnu++17";
				CLANG_ENABLE_MODULES = YES;
				CLANG_ENABLE_OBJC_ARC = YES;
				CLANG_ENABLE_OBJC_WEAK = YES;
				CLANG_WARN_BLOCK_CAPTURE_AUTORELEASING = YES;
				CLANG_WARN_BOOL_CONVERSION = YES;
				CLANG_WARN_COMMA = YES;
				CLANG_WARN_CONSTANT_CONVERSION = YES;
				CLANG_WARN_DEPRECATED_OBJC_IMPLEMENTATIONS = YES;
				CLANG_WARN_DIRECT_OBJC_ISA_USAGE = YES_ERROR;
				CLANG_WARN_DOCUMENTATION_COMMENTS = YES;
				CLANG_WARN_EMPTY_BODY = YES;
				CLANG_WARN_ENUM_CONVERSION = YES;
				CLANG_WARN_INFINITE_RECURSION = YES;
				CLANG_WARN_INT_CONVERSION = YES;
				CLANG_WARN_NON_LITERAL_NULL_CONVERSION = YES;
				CLANG_WARN_OBJC_IMPLICIT_RETAIN_SELF = YES;
				CLANG_WARN_OBJC_LITERAL_CONVERSION = YES;
				CLANG_WARN_OBJC_ROOT_CLASS = YES_ERROR;
				CLANG_WARN_QUOTED_INCLUDE_IN_FRAMEWORK_HEADER = YES;
				CLANG_WARN_RANGE_LOOP_ANALYSIS = YES;
				CLANG_WARN_STRICT_PROTOTYPES = YES;
				CLANG_WARN_SUSPICIOUS_MOVE = YES;
				CLANG_WARN_UNGUARDED_AVAILABILITY = YES_AGGRESSIVE;
				CLANG_WARN_UNREACHABLE_CODE = YES;
				CLANG_WARN__DUPLICATE_METHOD_MATCH = YES;
				COPY_PHASE_STRIP = NO;
				DEBUG_INFORMATION_FORMAT = dwarf;
				ENABLE_STRICT_OBJC_MSGSEND = YES;
				ENABLE_TESTABILITY = YES;
				GCC_C_LANGUAGE_STANDARD = gnu11;
				GCC_DYNAMIC_NO_PIC = NO;
				GCC_NO_COMMON_BLOCKS = YES;
				GCC_OPTIMIZATION_LEVEL = 0;
				GCC_PREPROCESSOR_DEFINITIONS = (
					"DEBUG=1",
					"$(inherited)",
				);
				GCC_WARN_64_TO_32_BIT_CONVERSION = YES;
				GCC_WARN_ABOUT_RETURN_TYPE = YES_ERROR;
				GCC_WARN_UNDECLARED_SELECTOR = YES;
				GCC_WARN_UNINITIALIZED_AUTOS = YES_AGGRESSIVE;
				GCC_WARN_UNUSED_FUNCTION = YES;
				GCC_WARN_UNUSED_VARIABLE = YES;
				IPHONEOS_DEPLOYMENT_TARGET = 15.4;
				MTL_ENABLE_DEBUG_INFO = INCLUDE_SOURCE;
				MTL_FAST_MATH = YES;
				ONLY_ACTIVE_ARCH = YES;
				SDKROOT = iphoneos;
				SWIFT_ACTIVE_COMPILATION_CONDITIONS = DEBUG;
				SWIFT_OPTIMIZATION_LEVEL = "-Onone";
			};
			name = Debug;
		};
		F8CB8BE1281ABCB8009A0E48 /* Release */ = {
			isa = XCBuildConfiguration;
			buildSettings = {
				ALWAYS_SEARCH_USER_PATHS = NO;
				CLANG_ANALYZER_NONNULL = YES;
				CLANG_ANALYZER_NUMBER_OBJECT_CONVERSION = YES_AGGRESSIVE;
				CLANG_CXX_LANGUAGE_STANDARD = "gnu++17";
				CLANG_ENABLE_MODULES = YES;
				CLANG_ENABLE_OBJC_ARC = YES;
				CLANG_ENABLE_OBJC_WEAK = YES;
				CLANG_WARN_BLOCK_CAPTURE_AUTORELEASING = YES;
				CLANG_WARN_BOOL_CONVERSION = YES;
				CLANG_WARN_COMMA = YES;
				CLANG_WARN_CONSTANT_CONVERSION = YES;
				CLANG_WARN_DEPRECATED_OBJC_IMPLEMENTATIONS = YES;
				CLANG_WARN_DIRECT_OBJC_ISA_USAGE = YES_ERROR;
				CLANG_WARN_DOCUMENTATION_COMMENTS = YES;
				CLANG_WARN_EMPTY_BODY = YES;
				CLANG_WARN_ENUM_CONVERSION = YES;
				CLANG_WARN_INFINITE_RECURSION = YES;
				CLANG_WARN_INT_CONVERSION = YES;
				CLANG_WARN_NON_LITERAL_NULL_CONVERSION = YES;
				CLANG_WARN_OBJC_IMPLICIT_RETAIN_SELF = YES;
				CLANG_WARN_OBJC_LITERAL_CONVERSION = YES;
				CLANG_WARN_OBJC_ROOT_CLASS = YES_ERROR;
				CLANG_WARN_QUOTED_INCLUDE_IN_FRAMEWORK_HEADER = YES;
				CLANG_WARN_RANGE_LOOP_ANALYSIS = YES;
				CLANG_WARN_STRICT_PROTOTYPES = YES;
				CLANG_WARN_SUSPICIOUS_MOVE = YES;
				CLANG_WARN_UNGUARDED_AVAILABILITY = YES_AGGRESSIVE;
				CLANG_WARN_UNREACHABLE_CODE = YES;
				CLANG_WARN__DUPLICATE_METHOD_MATCH = YES;
				COPY_PHASE_STRIP = NO;
				DEBUG_INFORMATION_FORMAT = "dwarf-with-dsym";
				ENABLE_NS_ASSERTIONS = NO;
				ENABLE_STRICT_OBJC_MSGSEND = YES;
				GCC_C_LANGUAGE_STANDARD = gnu11;
				GCC_NO_COMMON_BLOCKS = YES;
				GCC_WARN_64_TO_32_BIT_CONVERSION = YES;
				GCC_WARN_ABOUT_RETURN_TYPE = YES_ERROR;
				GCC_WARN_UNDECLARED_SELECTOR = YES;
				GCC_WARN_UNINITIALIZED_AUTOS = YES_AGGRESSIVE;
				GCC_WARN_UNUSED_FUNCTION = YES;
				GCC_WARN_UNUSED_VARIABLE = YES;
				IPHONEOS_DEPLOYMENT_TARGET = 15.4;
				MTL_ENABLE_DEBUG_INFO = NO;
				MTL_FAST_MATH = YES;
				SDKROOT = iphoneos;
				SWIFT_COMPILATION_MODE = wholemodule;
				SWIFT_OPTIMIZATION_LEVEL = "-O";
				VALIDATE_PRODUCT = YES;
			};
			name = Release;
		};
		F8CB8BE3281ABCB8009A0E48 /* Debug */ = {
			isa = XCBuildConfiguration;
			buildSettings = {
				ASSETCATALOG_COMPILER_APPICON_NAME = AppIcon;
				ASSETCATALOG_COMPILER_GLOBAL_ACCENT_COLOR_NAME = AccentColor;
				CODE_SIGN_STYLE = Automatic;
				CURRENT_PROJECT_VERSION = 1;
				DEVELOPMENT_ASSET_PATHS = "\"rappiChallenge/Preview Content\"";
				DEVELOPMENT_TEAM = FZPR8XAPG8;
				ENABLE_PREVIEWS = YES;
				GENERATE_INFOPLIST_FILE = YES;
				INFOPLIST_FILE = rappiChallenge/Info.plist;
				INFOPLIST_KEY_UIApplicationSceneManifest_Generation = YES;
				INFOPLIST_KEY_UIApplicationSupportsIndirectInputEvents = YES;
				INFOPLIST_KEY_UISupportedInterfaceOrientations = UIInterfaceOrientationPortrait;
				INFOPLIST_KEY_UISupportedInterfaceOrientations_iPad = "UIInterfaceOrientationPortrait UIInterfaceOrientationPortraitUpsideDown UIInterfaceOrientationLandscapeLeft UIInterfaceOrientationLandscapeRight";
				INFOPLIST_KEY_UISupportedInterfaceOrientations_iPhone = "UIInterfaceOrientationPortrait UIInterfaceOrientationLandscapeLeft UIInterfaceOrientationLandscapeRight";
				IPHONEOS_DEPLOYMENT_TARGET = 15.4;
				LD_RUNPATH_SEARCH_PATHS = (
					"$(inherited)",
					"@executable_path/Frameworks",
				);
				MARKETING_VERSION = 1.0;
				PRODUCT_BUNDLE_IDENTIFIER = com.gmolluso.rappiChallenge;
				PRODUCT_NAME = "$(TARGET_NAME)";
				SWIFT_EMIT_LOC_STRINGS = YES;
				SWIFT_VERSION = 5.0;
				TARGETED_DEVICE_FAMILY = 1;
			};
			name = Debug;
		};
		F8CB8BE4281ABCB8009A0E48 /* Release */ = {
			isa = XCBuildConfiguration;
			buildSettings = {
				ASSETCATALOG_COMPILER_APPICON_NAME = AppIcon;
				ASSETCATALOG_COMPILER_GLOBAL_ACCENT_COLOR_NAME = AccentColor;
				CODE_SIGN_STYLE = Automatic;
				CURRENT_PROJECT_VERSION = 1;
				DEVELOPMENT_ASSET_PATHS = "\"rappiChallenge/Preview Content\"";
				DEVELOPMENT_TEAM = FZPR8XAPG8;
				ENABLE_PREVIEWS = YES;
				GENERATE_INFOPLIST_FILE = YES;
				INFOPLIST_FILE = rappiChallenge/Info.plist;
				INFOPLIST_KEY_UIApplicationSceneManifest_Generation = YES;
				INFOPLIST_KEY_UIApplicationSupportsIndirectInputEvents = YES;
				INFOPLIST_KEY_UISupportedInterfaceOrientations = UIInterfaceOrientationPortrait;
				INFOPLIST_KEY_UISupportedInterfaceOrientations_iPad = "UIInterfaceOrientationPortrait UIInterfaceOrientationPortraitUpsideDown UIInterfaceOrientationLandscapeLeft UIInterfaceOrientationLandscapeRight";
				INFOPLIST_KEY_UISupportedInterfaceOrientations_iPhone = "UIInterfaceOrientationPortrait UIInterfaceOrientationLandscapeLeft UIInterfaceOrientationLandscapeRight";
				IPHONEOS_DEPLOYMENT_TARGET = 15.4;
				LD_RUNPATH_SEARCH_PATHS = (
					"$(inherited)",
					"@executable_path/Frameworks",
				);
				MARKETING_VERSION = 1.0;
				PRODUCT_BUNDLE_IDENTIFIER = com.gmolluso.rappiChallenge;
				PRODUCT_NAME = "$(TARGET_NAME)";
				SWIFT_EMIT_LOC_STRINGS = YES;
				SWIFT_VERSION = 5.0;
				TARGETED_DEVICE_FAMILY = 1;
			};
			name = Release;
		};
		F8CB8BE6281ABCB8009A0E48 /* Debug */ = {
			isa = XCBuildConfiguration;
			buildSettings = {
				ALWAYS_EMBED_SWIFT_STANDARD_LIBRARIES = YES;
				BUNDLE_LOADER = "$(TEST_HOST)";
				CODE_SIGN_STYLE = Automatic;
				CURRENT_PROJECT_VERSION = 1;
				DEVELOPMENT_TEAM = FZPR8XAPG8;
				GENERATE_INFOPLIST_FILE = YES;
				IPHONEOS_DEPLOYMENT_TARGET = 15.4;
				MARKETING_VERSION = 1.0;
				PRODUCT_BUNDLE_IDENTIFIER = com.gmolluso.rappiChallengeTests;
				PRODUCT_NAME = "$(TARGET_NAME)";
				SWIFT_EMIT_LOC_STRINGS = NO;
				SWIFT_VERSION = 5.0;
				TARGETED_DEVICE_FAMILY = "1,2";
				TEST_HOST = "$(BUILT_PRODUCTS_DIR)/rappiChallenge.app/rappiChallenge";
			};
			name = Debug;
		};
		F8CB8BE7281ABCB8009A0E48 /* Release */ = {
			isa = XCBuildConfiguration;
			buildSettings = {
				ALWAYS_EMBED_SWIFT_STANDARD_LIBRARIES = YES;
				BUNDLE_LOADER = "$(TEST_HOST)";
				CODE_SIGN_STYLE = Automatic;
				CURRENT_PROJECT_VERSION = 1;
				DEVELOPMENT_TEAM = FZPR8XAPG8;
				GENERATE_INFOPLIST_FILE = YES;
				IPHONEOS_DEPLOYMENT_TARGET = 15.4;
				MARKETING_VERSION = 1.0;
				PRODUCT_BUNDLE_IDENTIFIER = com.gmolluso.rappiChallengeTests;
				PRODUCT_NAME = "$(TARGET_NAME)";
				SWIFT_EMIT_LOC_STRINGS = NO;
				SWIFT_VERSION = 5.0;
				TARGETED_DEVICE_FAMILY = "1,2";
				TEST_HOST = "$(BUILT_PRODUCTS_DIR)/rappiChallenge.app/rappiChallenge";
			};
			name = Release;
		};
		F8CB8BE9281ABCB8009A0E48 /* Debug */ = {
			isa = XCBuildConfiguration;
			buildSettings = {
				ALWAYS_EMBED_SWIFT_STANDARD_LIBRARIES = YES;
				CODE_SIGN_STYLE = Automatic;
				CURRENT_PROJECT_VERSION = 1;
				DEVELOPMENT_TEAM = FZPR8XAPG8;
				GENERATE_INFOPLIST_FILE = YES;
				MARKETING_VERSION = 1.0;
				PRODUCT_BUNDLE_IDENTIFIER = com.gmolluso.rappiChallengeUITests;
				PRODUCT_NAME = "$(TARGET_NAME)";
				SWIFT_EMIT_LOC_STRINGS = NO;
				SWIFT_VERSION = 5.0;
				TARGETED_DEVICE_FAMILY = "1,2";
				TEST_TARGET_NAME = rappiChallenge;
			};
			name = Debug;
		};
		F8CB8BEA281ABCB8009A0E48 /* Release */ = {
			isa = XCBuildConfiguration;
			buildSettings = {
				ALWAYS_EMBED_SWIFT_STANDARD_LIBRARIES = YES;
				CODE_SIGN_STYLE = Automatic;
				CURRENT_PROJECT_VERSION = 1;
				DEVELOPMENT_TEAM = FZPR8XAPG8;
				GENERATE_INFOPLIST_FILE = YES;
				MARKETING_VERSION = 1.0;
				PRODUCT_BUNDLE_IDENTIFIER = com.gmolluso.rappiChallengeUITests;
				PRODUCT_NAME = "$(TARGET_NAME)";
				SWIFT_EMIT_LOC_STRINGS = NO;
				SWIFT_VERSION = 5.0;
				TARGETED_DEVICE_FAMILY = "1,2";
				TEST_TARGET_NAME = rappiChallenge;
			};
			name = Release;
		};
/* End XCBuildConfiguration section */

/* Begin XCConfigurationList section */
		F8CB8BB9281ABCB7009A0E48 /* Build configuration list for PBXProject "rappiChallenge" */ = {
			isa = XCConfigurationList;
			buildConfigurations = (
				F8CB8BE0281ABCB8009A0E48 /* Debug */,
				F8CB8BE1281ABCB8009A0E48 /* Release */,
			);
			defaultConfigurationIsVisible = 0;
			defaultConfigurationName = Release;
		};
		F8CB8BE2281ABCB8009A0E48 /* Build configuration list for PBXNativeTarget "rappiChallenge" */ = {
			isa = XCConfigurationList;
			buildConfigurations = (
				F8CB8BE3281ABCB8009A0E48 /* Debug */,
				F8CB8BE4281ABCB8009A0E48 /* Release */,
			);
			defaultConfigurationIsVisible = 0;
			defaultConfigurationName = Release;
		};
		F8CB8BE5281ABCB8009A0E48 /* Build configuration list for PBXNativeTarget "rappiChallengeTests" */ = {
			isa = XCConfigurationList;
			buildConfigurations = (
				F8CB8BE6281ABCB8009A0E48 /* Debug */,
				F8CB8BE7281ABCB8009A0E48 /* Release */,
			);
			defaultConfigurationIsVisible = 0;
			defaultConfigurationName = Release;
		};
		F8CB8BE8281ABCB8009A0E48 /* Build configuration list for PBXNativeTarget "rappiChallengeUITests" */ = {
			isa = XCConfigurationList;
			buildConfigurations = (
				F8CB8BE9281ABCB8009A0E48 /* Debug */,
				F8CB8BEA281ABCB8009A0E48 /* Release */,
			);
			defaultConfigurationIsVisible = 0;
			defaultConfigurationName = Release;
		};
/* End XCConfigurationList section */
	};
	rootObject = F8CB8BB6281ABCB7009A0E48 /* Project object */;
}
